{
  "name": "poemd-online",
  "version": "0.1.0",
  "lockfileVersion": 1,
  "requires": true,
  "dependencies": {
    "poemd-parser": {
      "version": "0.1.1",
      "resolved": "https://registry.npmjs.org/poemd-parser/-/poemd-parser-0.1.1.tgz",
      "integrity": "sha512-0+kIC1LtGR+rnKuv8TZHRslvhD+VQQNioeBcI+WhjXuFvxBkkI/gmIjcUftLMvzFtE0wu4/Rbk73xb2vM70TXQ=="
    }
  }
}
