{
  "name": "poemd-online",
  "version": "0.1.0",
  "lockfileVersion": 1,
  "requires": true,
  "dependencies": {
    "poemd-parser": {
      "version": "0.1.0-1",
      "resolved": "https://registry.npmjs.org/poemd-parser/-/poemd-parser-0.1.0-1.tgz",
      "integrity": "sha512-Yv8egmE2P26fWHgsaZdhvUfRgsgnA9FSo9Q5RKSRLP9elpLlVVfZXp/EUQ6nfMDw4x7otl+CnO4/bYIP3hVhdg=="
    }
  }
}
